
Microsoft Visual Studio Solution File, Format Version 12.00
# Visual Studio Version 17
VisualStudioVersion = 17.7.34221.43
MinimumVisualStudioVersion = 10.0.40219.1
Project("{FAE04EC0-301F-11D3-BF4B-00C04F79EFBC}") = "App.API", "App.API\App.API.csproj", "{231646D1-12BE-4FE1-A6E6-2C6696EAB06D}"
EndProject
Project("{FAE04EC0-301F-11D3-BF4B-00C04F79EFBC}") = "App.Domain", "App.Domain\App.Domain.csproj", "{C3524D5D-6C94-446A-84CF-F84BDFE5CF39}"
EndProject
Project("{FAE04EC0-301F-11D3-BF4B-00C04F79EFBC}") = "App.DataAccess", "App.DataAccess\App.DataAccess.csproj", "{1E1524A1-249C-4149-88EB-B24E12ABBE72}"
EndProject
Global
	GlobalSection(SolutionConfigurationPlatforms) = preSolution
		Debug|Any CPU = Debug|Any CPU
		Release|Any CPU = Release|Any CPU
	EndGlobalSection
	GlobalSection(ProjectConfigurationPlatforms) = postSolution
		{231646D1-12BE-4FE1-A6E6-2C6696EAB06D}.Debug|Any CPU.ActiveCfg = Debug|Any CPU
		{231646D1-12BE-4FE1-A6E6-2C6696EAB06D}.Debug|Any CPU.Build.0 = Debug|Any CPU
		{231646D1-12BE-4FE1-A6E6-2C6696EAB06D}.Release|Any CPU.ActiveCfg = Release|Any CPU
		{231646D1-12BE-4FE1-A6E6-2C6696EAB06D}.Release|Any CPU.Build.0 = Release|Any CPU
		{C3524D5D-6C94-446A-84CF-F84BDFE5CF39}.Debug|Any CPU.ActiveCfg = Debug|Any CPU
		{C3524D5D-6C94-446A-84CF-F84BDFE5CF39}.Debug|Any CPU.Build.0 = Debug|Any CPU
		{C3524D5D-6C94-446A-84CF-F84BDFE5CF39}.Release|Any CPU.ActiveCfg = Release|Any CPU
		{C3524D5D-6C94-446A-84CF-F84BDFE5CF39}.Release|Any CPU.Build.0 = Release|Any CPU
		{1E1524A1-249C-4149-88EB-B24E12ABBE72}.Debug|Any CPU.ActiveCfg = Debug|Any CPU
		{1E1524A1-249C-4149-88EB-B24E12ABBE72}.Debug|Any CPU.Build.0 = Debug|Any CPU
		{1E1524A1-249C-4149-88EB-B24E12ABBE72}.Release|Any CPU.ActiveCfg = Release|Any CPU
		{1E1524A1-249C-4149-88EB-B24E12ABBE72}.Release|Any CPU.Build.0 = Release|Any CPU
	EndGlobalSection
	GlobalSection(SolutionProperties) = preSolution
		HideSolutionNode = FALSE
	EndGlobalSection
	GlobalSection(ExtensibilityGlobals) = postSolution
		SolutionGuid = {C15AE2C1-C5CA-489D-9750-CE236BB4C0E4}
	EndGlobalSection
EndGlobal
